// !$*UTF8*$!
{
	archiveVersion = 1;
	classes = {
	};
	objectVersion = 56;
	objects = {

/* Begin PBXBuildFile section */
		0F3BD0C32B7648FF0022DF57 /* Presenter.swift in Sources */ = {isa = PBXBuildFile; fileRef = 0F3BD0C22B7648FF0022DF57 /* Presenter.swift */; };
		0F3BD0C52B76497C0022DF57 /* View.swift in Sources */ = {isa = PBXBuildFile; fileRef = 0F3BD0C42B76497C0022DF57 /* View.swift */; };
		0F3BD0C72B7652B10022DF57 /* Assembly.swift in Sources */ = {isa = PBXBuildFile; fileRef = 0F3BD0C62B7652B10022DF57 /* Assembly.swift */; };
		0F3BD0C92B769CA90022DF57 /* Model.swift in Sources */ = {isa = PBXBuildFile; fileRef = 0F3BD0C82B769CA90022DF57 /* Model.swift */; };
		0F3BD0CC2B76A17E0022DF57 /* ViewModel.swift in Sources */ = {isa = PBXBuildFile; fileRef = 0F3BD0CB2B76A17E0022DF57 /* ViewModel.swift */; };
		0F3BD0CE2B76A18D0022DF57 /* LoginView.swift in Sources */ = {isa = PBXBuildFile; fileRef = 0F3BD0CD2B76A18D0022DF57 /* LoginView.swift */; };
		0F43AD662B738807005706F0 /* MVVM .swift in Sources */ = {isa = PBXBuildFile; fileRef = 0F43AD652B738807005706F0 /* MVVM .swift */; };
		0F43AD692B74D32B005706F0 /* MVP.swift in Sources */ = {isa = PBXBuildFile; fileRef = 0F43AD672B74D03A005706F0 /* MVP.swift */; };
		0F5411BD2B77C30A0059968A /* LoginScreenAssembly.swift in Sources */ = {isa = PBXBuildFile; fileRef = 0F5411BC2B77C30A0059968A /* LoginScreenAssembly.swift */; };
		0FA3A2D02B89E0D80097FE85 /* Coordinator.swift in Sources */ = {isa = PBXBuildFile; fileRef = 0FA3A2CF2B89E0D80097FE85 /* Coordinator.swift */; };
		0FA3A2D22B89EA690097FE85 /* AppCoordinator.swift in Sources */ = {isa = PBXBuildFile; fileRef = 0FA3A2D12B89EA690097FE85 /* AppCoordinator.swift */; };
		0FA3A2D52B89EB520097FE85 /* FeedCoordinator.swift in Sources */ = {isa = PBXBuildFile; fileRef = 0FA3A2D42B89EB520097FE85 /* FeedCoordinator.swift */; };
		0FA3A2D82B89F2890097FE85 /* LoginController.swift in Sources */ = {isa = PBXBuildFile; fileRef = 0FA3A2D72B89F2890097FE85 /* LoginController.swift */; };
		0FC68D4E2B721ADE00AB631D /* SmartViews.swift in Sources */ = {isa = PBXBuildFile; fileRef = 0FC68D4D2B721ADE00AB631D /* SmartViews.swift */; };
		4128CD702B30AD5D001B8BFE /* AppDelegate.swift in Sources */ = {isa = PBXBuildFile; fileRef = 4128CD6F2B30AD5D001B8BFE /* AppDelegate.swift */; };
		4128CD722B30AD5D001B8BFE /* SceneDelegate.swift in Sources */ = {isa = PBXBuildFile; fileRef = 4128CD712B30AD5D001B8BFE /* SceneDelegate.swift */; };
		4128CD742B30AD5D001B8BFE /* ViewController.swift in Sources */ = {isa = PBXBuildFile; fileRef = 4128CD732B30AD5D001B8BFE /* ViewController.swift */; };
		4128CD7C2B30AD5E001B8BFE /* LaunchScreen.storyboard in Resources */ = {isa = PBXBuildFile; fileRef = 4128CD7A2B30AD5E001B8BFE /* LaunchScreen.storyboard */; };
		4128CD842B30AEB1001B8BFE /* ProfileViewController.swift in Sources */ = {isa = PBXBuildFile; fileRef = 4128CD832B30AEB1001B8BFE /* ProfileViewController.swift */; };
		4128CD882B30B143001B8BFE /* PostViewController.swift in Sources */ = {isa = PBXBuildFile; fileRef = 4128CD872B30B143001B8BFE /* PostViewController.swift */; };
		4128CD8A2B30B3DC001B8BFE /* InfoViewController.swift in Sources */ = {isa = PBXBuildFile; fileRef = 4128CD892B30B3DC001B8BFE /* InfoViewController.swift */; };
		4137725D2B6A759700C12D64 /* iOSIntPackage in Frameworks */ = {isa = PBXBuildFile; productRef = 4137725C2B6A759700C12D64 /* iOSIntPackage */; };
		4141E9F12B5EE6DC00D49D8F /* UserService.swift in Sources */ = {isa = PBXBuildFile; fileRef = 4141E9F02B5EE6DC00D49D8F /* UserService.swift */; };
		4161A8DF2B332F5C00FA1C30 /* ProfileHeaderView.swift in Sources */ = {isa = PBXBuildFile; fileRef = 4161A8DE2B332F5C00FA1C30 /* ProfileHeaderView.swift */; };
		4161A8E12B38A3ED00FA1C30 /* Assets.xcassets in Resources */ = {isa = PBXBuildFile; fileRef = 4161A8E02B38A3ED00FA1C30 /* Assets.xcassets */; };
		4164E2942B4D552E00AA20D5 /* PhotosTableViewCell.swift in Sources */ = {isa = PBXBuildFile; fileRef = 4164E2932B4D552E00AA20D5 /* PhotosTableViewCell.swift */; };
		4164E2962B4D59B100AA20D5 /* CustomCollectionViewCell.swift in Sources */ = {isa = PBXBuildFile; fileRef = 4164E2952B4D59B100AA20D5 /* CustomCollectionViewCell.swift */; };
		4164E2982B4D6EC000AA20D5 /* PhotosViewController.swift in Sources */ = {isa = PBXBuildFile; fileRef = 4164E2972B4D6EC000AA20D5 /* PhotosViewController.swift */; };
		419C49062B68FDBE005D07C2 /* Checker.swift in Sources */ = {isa = PBXBuildFile; fileRef = 419C49052B68FDBE005D07C2 /* Checker.swift */; };
		419C49082B692406005D07C2 /* LoginFactory.swift in Sources */ = {isa = PBXBuildFile; fileRef = 419C49072B692406005D07C2 /* LoginFactory.swift */; };
		41D9041B2B5A60DC00C87E1F /* StorageService.h in Headers */ = {isa = PBXBuildFile; fileRef = 41D9041A2B5A60DC00C87E1F /* StorageService.h */; settings = {ATTRIBUTES = (Public, ); }; };
		41D9041E2B5A60DC00C87E1F /* StorageService.framework in Frameworks */ = {isa = PBXBuildFile; fileRef = 41D904182B5A60DC00C87E1F /* StorageService.framework */; };
		41D9041F2B5A60DC00C87E1F /* StorageService.framework in Embed Frameworks */ = {isa = PBXBuildFile; fileRef = 41D904182B5A60DC00C87E1F /* StorageService.framework */; settings = {ATTRIBUTES = (CodeSignOnCopy, RemoveHeadersOnCopy, ); }; };
		41D904242B5A60F200C87E1F /* Post.swift in Sources */ = {isa = PBXBuildFile; fileRef = 4128CD852B30B0E1001B8BFE /* Post.swift */; };
		41FDF50C2B498BE800683739 /* LoginViewController.swift in Sources */ = {isa = PBXBuildFile; fileRef = 41FDF50B2B498BE800683739 /* LoginViewController.swift */; };
		41FDF50E2B4C755C00683739 /* PostTableViewCell.swift in Sources */ = {isa = PBXBuildFile; fileRef = 41FDF50D2B4C755C00683739 /* PostTableViewCell.swift */; };
/* End PBXBuildFile section */

/* Begin PBXContainerItemProxy section */
		41D9041C2B5A60DC00C87E1F /* PBXContainerItemProxy */ = {
			isa = PBXContainerItemProxy;
			containerPortal = 4128CD642B30AD5D001B8BFE /* Project object */;
			proxyType = 1;
			remoteGlobalIDString = 41D904172B5A60DC00C87E1F;
			remoteInfo = StorageService;
		};
/* End PBXContainerItemProxy section */

/* Begin PBXCopyFilesBuildPhase section */
		41D904232B5A60DC00C87E1F /* Embed Frameworks */ = {
			isa = PBXCopyFilesBuildPhase;
			buildActionMask = 2147483647;
			dstPath = "";
			dstSubfolderSpec = 10;
			files = (
				41D9041F2B5A60DC00C87E1F /* StorageService.framework in Embed Frameworks */,
			);
			name = "Embed Frameworks";
			runOnlyForDeploymentPostprocessing = 0;
		};
/* End PBXCopyFilesBuildPhase section */

/* Begin PBXFileReference section */
		0F3BD0C22B7648FF0022DF57 /* Presenter.swift */ = {isa = PBXFileReference; lastKnownFileType = sourcecode.swift; path = Presenter.swift; sourceTree = "<group>"; };
		0F3BD0C42B76497C0022DF57 /* View.swift */ = {isa = PBXFileReference; lastKnownFileType = sourcecode.swift; path = View.swift; sourceTree = "<group>"; };
		0F3BD0C62B7652B10022DF57 /* Assembly.swift */ = {isa = PBXFileReference; lastKnownFileType = sourcecode.swift; path = Assembly.swift; sourceTree = "<group>"; };
		0F3BD0C82B769CA90022DF57 /* Model.swift */ = {isa = PBXFileReference; lastKnownFileType = sourcecode.swift; path = Model.swift; sourceTree = "<group>"; };
		0F3BD0CB2B76A17E0022DF57 /* ViewModel.swift */ = {isa = PBXFileReference; lastKnownFileType = sourcecode.swift; path = ViewModel.swift; sourceTree = "<group>"; };
		0F3BD0CD2B76A18D0022DF57 /* LoginView.swift */ = {isa = PBXFileReference; lastKnownFileType = sourcecode.swift; path = LoginView.swift; sourceTree = "<group>"; };
		0F43AD652B738807005706F0 /* MVVM .swift */ = {isa = PBXFileReference; lastKnownFileType = sourcecode.swift; path = "MVVM .swift"; sourceTree = "<group>"; };
		0F43AD672B74D03A005706F0 /* MVP.swift */ = {isa = PBXFileReference; lastKnownFileType = sourcecode.swift; path = MVP.swift; sourceTree = "<group>"; };
		0F5411BC2B77C30A0059968A /* LoginScreenAssembly.swift */ = {isa = PBXFileReference; lastKnownFileType = sourcecode.swift; path = LoginScreenAssembly.swift; sourceTree = "<group>"; };
		0FA3A2CF2B89E0D80097FE85 /* Coordinator.swift */ = {isa = PBXFileReference; lastKnownFileType = sourcecode.swift; path = Coordinator.swift; sourceTree = "<group>"; };
		0FA3A2D12B89EA690097FE85 /* AppCoordinator.swift */ = {isa = PBXFileReference; lastKnownFileType = sourcecode.swift; path = AppCoordinator.swift; sourceTree = "<group>"; };
		0FA3A2D42B89EB520097FE85 /* FeedCoordinator.swift */ = {isa = PBXFileReference; lastKnownFileType = sourcecode.swift; path = FeedCoordinator.swift; sourceTree = "<group>"; };
		0FA3A2D72B89F2890097FE85 /* LoginController.swift */ = {isa = PBXFileReference; lastKnownFileType = sourcecode.swift; path = LoginController.swift; sourceTree = "<group>"; };
		0FC68D4D2B721ADE00AB631D /* SmartViews.swift */ = {isa = PBXFileReference; lastKnownFileType = sourcecode.swift; path = SmartViews.swift; sourceTree = "<group>"; };
		4128CD6C2B30AD5D001B8BFE /* Navigation.app */ = {isa = PBXFileReference; explicitFileType = wrapper.application; includeInIndex = 0; path = Navigation.app; sourceTree = BUILT_PRODUCTS_DIR; };
		4128CD6F2B30AD5D001B8BFE /* AppDelegate.swift */ = {isa = PBXFileReference; lastKnownFileType = sourcecode.swift; path = AppDelegate.swift; sourceTree = "<group>"; };
		4128CD712B30AD5D001B8BFE /* SceneDelegate.swift */ = {isa = PBXFileReference; lastKnownFileType = sourcecode.swift; path = SceneDelegate.swift; sourceTree = "<group>"; };
		4128CD732B30AD5D001B8BFE /* ViewController.swift */ = {isa = PBXFileReference; lastKnownFileType = sourcecode.swift; path = ViewController.swift; sourceTree = "<group>"; };
		4128CD7B2B30AD5E001B8BFE /* Base */ = {isa = PBXFileReference; lastKnownFileType = file.storyboard; name = Base; path = Base.lproj/LaunchScreen.storyboard; sourceTree = "<group>"; };
		4128CD7D2B30AD5E001B8BFE /* Info.plist */ = {isa = PBXFileReference; lastKnownFileType = text.plist.xml; path = Info.plist; sourceTree = "<group>"; };
		4128CD832B30AEB1001B8BFE /* ProfileViewController.swift */ = {isa = PBXFileReference; lastKnownFileType = sourcecode.swift; path = ProfileViewController.swift; sourceTree = "<group>"; };
		4128CD852B30B0E1001B8BFE /* Post.swift */ = {isa = PBXFileReference; lastKnownFileType = sourcecode.swift; path = Post.swift; sourceTree = "<group>"; };
		4128CD872B30B143001B8BFE /* PostViewController.swift */ = {isa = PBXFileReference; lastKnownFileType = sourcecode.swift; path = PostViewController.swift; sourceTree = "<group>"; };
		4128CD892B30B3DC001B8BFE /* InfoViewController.swift */ = {isa = PBXFileReference; lastKnownFileType = sourcecode.swift; path = InfoViewController.swift; sourceTree = "<group>"; };
		4141E9F02B5EE6DC00D49D8F /* UserService.swift */ = {isa = PBXFileReference; lastKnownFileType = sourcecode.swift; path = UserService.swift; sourceTree = "<group>"; };
		4161A8DE2B332F5C00FA1C30 /* ProfileHeaderView.swift */ = {isa = PBXFileReference; lastKnownFileType = sourcecode.swift; path = ProfileHeaderView.swift; sourceTree = "<group>"; };
		4161A8E02B38A3ED00FA1C30 /* Assets.xcassets */ = {isa = PBXFileReference; lastKnownFileType = folder.assetcatalog; path = Assets.xcassets; sourceTree = "<group>"; };
		4164E2932B4D552E00AA20D5 /* PhotosTableViewCell.swift */ = {isa = PBXFileReference; lastKnownFileType = sourcecode.swift; path = PhotosTableViewCell.swift; sourceTree = "<group>"; };
		4164E2952B4D59B100AA20D5 /* CustomCollectionViewCell.swift */ = {isa = PBXFileReference; lastKnownFileType = sourcecode.swift; path = CustomCollectionViewCell.swift; sourceTree = "<group>"; };
		4164E2972B4D6EC000AA20D5 /* PhotosViewController.swift */ = {isa = PBXFileReference; lastKnownFileType = sourcecode.swift; path = PhotosViewController.swift; sourceTree = "<group>"; };
		419C49052B68FDBE005D07C2 /* Checker.swift */ = {isa = PBXFileReference; lastKnownFileType = sourcecode.swift; path = Checker.swift; sourceTree = "<group>"; };
		419C49072B692406005D07C2 /* LoginFactory.swift */ = {isa = PBXFileReference; lastKnownFileType = sourcecode.swift; path = LoginFactory.swift; sourceTree = "<group>"; };
		41D904182B5A60DC00C87E1F /* StorageService.framework */ = {isa = PBXFileReference; explicitFileType = wrapper.framework; includeInIndex = 0; path = StorageService.framework; sourceTree = BUILT_PRODUCTS_DIR; };
		41D9041A2B5A60DC00C87E1F /* StorageService.h */ = {isa = PBXFileReference; lastKnownFileType = sourcecode.c.h; path = StorageService.h; sourceTree = "<group>"; };
		41FDF50B2B498BE800683739 /* LoginViewController.swift */ = {isa = PBXFileReference; lastKnownFileType = sourcecode.swift; path = LoginViewController.swift; sourceTree = "<group>"; };
		41FDF50D2B4C755C00683739 /* PostTableViewCell.swift */ = {isa = PBXFileReference; lastKnownFileType = sourcecode.swift; path = PostTableViewCell.swift; sourceTree = "<group>"; };
/* End PBXFileReference section */

/* Begin PBXFrameworksBuildPhase section */
		4128CD692B30AD5D001B8BFE /* Frameworks */ = {
			isa = PBXFrameworksBuildPhase;
			buildActionMask = 2147483647;
			files = (
				41D9041E2B5A60DC00C87E1F /* StorageService.framework in Frameworks */,
				4137725D2B6A759700C12D64 /* iOSIntPackage in Frameworks */,
			);
			runOnlyForDeploymentPostprocessing = 0;
		};
		41D904152B5A60DC00C87E1F /* Frameworks */ = {
			isa = PBXFrameworksBuildPhase;
			buildActionMask = 2147483647;
			files = (
			);
			runOnlyForDeploymentPostprocessing = 0;
		};
/* End PBXFrameworksBuildPhase section */

/* Begin PBXGroup section */
		0F3BD0C02B7648710022DF57 /* FeedScreen */ = {
			isa = PBXGroup;
			children = (
				0F3BD0C82B769CA90022DF57 /* Model.swift */,
				4128CD732B30AD5D001B8BFE /* ViewController.swift */,
				0F3BD0C42B76497C0022DF57 /* View.swift */,
				0F3BD0C22B7648FF0022DF57 /* Presenter.swift */,
				0F3BD0C62B7652B10022DF57 /* Assembly.swift */,
			);
			path = FeedScreen;
			sourceTree = "<group>";
		};
		0F3BD0C12B7648930022DF57 /* Model */ = {
			isa = PBXGroup;
			children = (
				419C49072B692406005D07C2 /* LoginFactory.swift */,
				419C49052B68FDBE005D07C2 /* Checker.swift */,
				4141E9F02B5EE6DC00D49D8F /* UserService.swift */,
			);
			path = Model;
			sourceTree = "<group>";
		};
		0F3BD0CA2B76A1350022DF57 /* LoginScreen */ = {
			isa = PBXGroup;
			children = (
				41FDF50B2B498BE800683739 /* LoginViewController.swift */,
				0F3BD0CB2B76A17E0022DF57 /* ViewModel.swift */,
				0F3BD0CD2B76A18D0022DF57 /* LoginView.swift */,
				0F5411BC2B77C30A0059968A /* LoginScreenAssembly.swift */,
			);
			path = LoginScreen;
			sourceTree = "<group>";
		};
		0F43AD632B7387E1005706F0 /* Application Layer */ = {
			isa = PBXGroup;
			children = (
				4128CD6F2B30AD5D001B8BFE /* AppDelegate.swift */,
				4128CD712B30AD5D001B8BFE /* SceneDelegate.swift */,
			);
			path = "Application Layer";
			sourceTree = "<group>";
		};
		0F43AD642B7387F0005706F0 /* Playgrounds */ = {
			isa = PBXGroup;
			children = (
				0F43AD652B738807005706F0 /* MVVM .swift */,
				0F43AD672B74D03A005706F0 /* MVP.swift */,
			);
			path = Playgrounds;
			sourceTree = "<group>";
		};
		0FA3A2CE2B89E0C40097FE85 /* Coordinators */ = {
			isa = PBXGroup;
			children = (
				0FA3A2CF2B89E0D80097FE85 /* Coordinator.swift */,
				0FA3A2D12B89EA690097FE85 /* AppCoordinator.swift */,
				0FA3A2D42B89EB520097FE85 /* FeedCoordinator.swift */,
				0FA3A2D72B89F2890097FE85 /* LoginController.swift */,
			);
			path = Coordinators;
			sourceTree = "<group>";
		};
		0FC68D4C2B721AD200AB631D /* Views */ = {
			isa = PBXGroup;
			children = (
				0FC68D4D2B721ADE00AB631D /* SmartViews.swift */,
			);
			path = Views;
			sourceTree = "<group>";
		};
		4128CD632B30AD5D001B8BFE = {
			isa = PBXGroup;
			children = (
				4128CD6E2B30AD5D001B8BFE /* Navigation */,
				41D904192B5A60DC00C87E1F /* StorageService */,
				4128CD6D2B30AD5D001B8BFE /* Products */,
			);
			sourceTree = "<group>";
		};
		4128CD6D2B30AD5D001B8BFE /* Products */ = {
			isa = PBXGroup;
			children = (
				4128CD6C2B30AD5D001B8BFE /* Navigation.app */,
				41D904182B5A60DC00C87E1F /* StorageService.framework */,
			);
			name = Products;
			sourceTree = "<group>";
		};
		4128CD6E2B30AD5D001B8BFE /* Navigation */ = {
			isa = PBXGroup;
			children = (
				0FA3A2CE2B89E0C40097FE85 /* Coordinators */,
				0F43AD642B7387F0005706F0 /* Playgrounds */,
				0F43AD632B7387E1005706F0 /* Application Layer */,
				0F3BD0CA2B76A1350022DF57 /* LoginScreen */,
				4161A8DD2B332F4C00FA1C30 /* ProfileScreen */,
				0F3BD0C02B7648710022DF57 /* FeedScreen */,
				0F3BD0C12B7648930022DF57 /* Model */,
				0FC68D4C2B721AD200AB631D /* Views */,
				4128CD892B30B3DC001B8BFE /* InfoViewController.swift */,
				4161A8E02B38A3ED00FA1C30 /* Assets.xcassets */,
				4128CD7A2B30AD5E001B8BFE /* LaunchScreen.storyboard */,
				4128CD7D2B30AD5E001B8BFE /* Info.plist */,
			);
			path = Navigation;
			sourceTree = "<group>";
		};
		4161A8DD2B332F4C00FA1C30 /* ProfileScreen */ = {
			isa = PBXGroup;
			children = (
				4128CD872B30B143001B8BFE /* PostViewController.swift */,
				4164E2972B4D6EC000AA20D5 /* PhotosViewController.swift */,
				4161A8DE2B332F5C00FA1C30 /* ProfileHeaderView.swift */,
				4128CD832B30AEB1001B8BFE /* ProfileViewController.swift */,
				4164E2952B4D59B100AA20D5 /* CustomCollectionViewCell.swift */,
				41FDF50D2B4C755C00683739 /* PostTableViewCell.swift */,
				4164E2932B4D552E00AA20D5 /* PhotosTableViewCell.swift */,
			);
			path = ProfileScreen;
			sourceTree = "<group>";
		};
		41D904192B5A60DC00C87E1F /* StorageService */ = {
			isa = PBXGroup;
			children = (
				4128CD852B30B0E1001B8BFE /* Post.swift */,
				41D9041A2B5A60DC00C87E1F /* StorageService.h */,
			);
			path = StorageService;
			sourceTree = "<group>";
		};
/* End PBXGroup section */

/* Begin PBXHeadersBuildPhase section */
		41D904132B5A60DC00C87E1F /* Headers */ = {
			isa = PBXHeadersBuildPhase;
			buildActionMask = 2147483647;
			files = (
				41D9041B2B5A60DC00C87E1F /* StorageService.h in Headers */,
			);
			runOnlyForDeploymentPostprocessing = 0;
		};
/* End PBXHeadersBuildPhase section */

/* Begin PBXNativeTarget section */
		4128CD6B2B30AD5D001B8BFE /* Navigation */ = {
			isa = PBXNativeTarget;
			buildConfigurationList = 4128CD802B30AD5E001B8BFE /* Build configuration list for PBXNativeTarget "Navigation" */;
			buildPhases = (
				4128CD682B30AD5D001B8BFE /* Sources */,
				4128CD692B30AD5D001B8BFE /* Frameworks */,
				4128CD6A2B30AD5D001B8BFE /* Resources */,
				41D904232B5A60DC00C87E1F /* Embed Frameworks */,
			);
			buildRules = (
			);
			dependencies = (
				41D9041D2B5A60DC00C87E1F /* PBXTargetDependency */,
			);
			name = Navigation;
			packageProductDependencies = (
				4137725C2B6A759700C12D64 /* iOSIntPackage */,
			);
			productName = Navigation;
			productReference = 4128CD6C2B30AD5D001B8BFE /* Navigation.app */;
			productType = "com.apple.product-type.application";
		};
		41D904172B5A60DC00C87E1F /* StorageService */ = {
			isa = PBXNativeTarget;
			buildConfigurationList = 41D904202B5A60DC00C87E1F /* Build configuration list for PBXNativeTarget "StorageService" */;
			buildPhases = (
				41D904132B5A60DC00C87E1F /* Headers */,
				41D904142B5A60DC00C87E1F /* Sources */,
				41D904152B5A60DC00C87E1F /* Frameworks */,
				41D904162B5A60DC00C87E1F /* Resources */,
			);
			buildRules = (
			);
			dependencies = (
			);
			name = StorageService;
			productName = StorageService;
			productReference = 41D904182B5A60DC00C87E1F /* StorageService.framework */;
			productType = "com.apple.product-type.framework";
		};
/* End PBXNativeTarget section */

/* Begin PBXProject section */
		4128CD642B30AD5D001B8BFE /* Project object */ = {
			isa = PBXProject;
			attributes = {
				BuildIndependentTargetsInParallel = 1;
				LastSwiftUpdateCheck = 1430;
				LastUpgradeCheck = 1520;
				TargetAttributes = {
					4128CD6B2B30AD5D001B8BFE = {
						CreatedOnToolsVersion = 14.3;
					};
					41D904172B5A60DC00C87E1F = {
						CreatedOnToolsVersion = 14.3;
					};
				};
			};
			buildConfigurationList = 4128CD672B30AD5D001B8BFE /* Build configuration list for PBXProject "Navigation" */;
			compatibilityVersion = "Xcode 14.0";
			developmentRegion = en;
			hasScannedForEncodings = 0;
			knownRegions = (
				en,
				Base,
			);
			mainGroup = 4128CD632B30AD5D001B8BFE;
			packageReferences = (
				4137725B2B6A759700C12D64 /* XCRemoteSwiftPackageReference "iOSIntPackage" */,
			);
			productRefGroup = 4128CD6D2B30AD5D001B8BFE /* Products */;
			projectDirPath = "";
			projectRoot = "";
			targets = (
				4128CD6B2B30AD5D001B8BFE /* Navigation */,
				41D904172B5A60DC00C87E1F /* StorageService */,
			);
		};
/* End PBXProject section */

/* Begin PBXResourcesBuildPhase section */
		4128CD6A2B30AD5D001B8BFE /* Resources */ = {
			isa = PBXResourcesBuildPhase;
			buildActionMask = 2147483647;
			files = (
				4161A8E12B38A3ED00FA1C30 /* Assets.xcassets in Resources */,
				4128CD7C2B30AD5E001B8BFE /* LaunchScreen.storyboard in Resources */,
			);
			runOnlyForDeploymentPostprocessing = 0;
		};
		41D904162B5A60DC00C87E1F /* Resources */ = {
			isa = PBXResourcesBuildPhase;
			buildActionMask = 2147483647;
			files = (
			);
			runOnlyForDeploymentPostprocessing = 0;
		};
/* End PBXResourcesBuildPhase section */

/* Begin PBXSourcesBuildPhase section */
		4128CD682B30AD5D001B8BFE /* Sources */ = {
			isa = PBXSourcesBuildPhase;
			buildActionMask = 2147483647;
			files = (
				0FC68D4E2B721ADE00AB631D /* SmartViews.swift in Sources */,
				4164E2942B4D552E00AA20D5 /* PhotosTableViewCell.swift in Sources */,
				0FA3A2D02B89E0D80097FE85 /* Coordinator.swift in Sources */,
				4164E2982B4D6EC000AA20D5 /* PhotosViewController.swift in Sources */,
				4128CD882B30B143001B8BFE /* PostViewController.swift in Sources */,
				4128CD742B30AD5D001B8BFE /* ViewController.swift in Sources */,
				0FA3A2D22B89EA690097FE85 /* AppCoordinator.swift in Sources */,
				0F3BD0CC2B76A17E0022DF57 /* ViewModel.swift in Sources */,
				41FDF50C2B498BE800683739 /* LoginViewController.swift in Sources */,
				419C49062B68FDBE005D07C2 /* Checker.swift in Sources */,
				0F3BD0CE2B76A18D0022DF57 /* LoginView.swift in Sources */,
				0F43AD692B74D32B005706F0 /* MVP.swift in Sources */,
				0FA3A2D82B89F2890097FE85 /* LoginController.swift in Sources */,
				4128CD702B30AD5D001B8BFE /* AppDelegate.swift in Sources */,
				4141E9F12B5EE6DC00D49D8F /* UserService.swift in Sources */,
				0F3BD0C72B7652B10022DF57 /* Assembly.swift in Sources */,
				4128CD8A2B30B3DC001B8BFE /* InfoViewController.swift in Sources */,
				4128CD842B30AEB1001B8BFE /* ProfileViewController.swift in Sources */,
				0F5411BD2B77C30A0059968A /* LoginScreenAssembly.swift in Sources */,
				0F3BD0C52B76497C0022DF57 /* View.swift in Sources */,
				4164E2962B4D59B100AA20D5 /* CustomCollectionViewCell.swift in Sources */,
				4128CD722B30AD5D001B8BFE /* SceneDelegate.swift in Sources */,
				0F3BD0C32B7648FF0022DF57 /* Presenter.swift in Sources */,
				0F43AD662B738807005706F0 /* MVVM .swift in Sources */,
				41FDF50E2B4C755C00683739 /* PostTableViewCell.swift in Sources */,
				0FA3A2D52B89EB520097FE85 /* FeedCoordinator.swift in Sources */,
				0F3BD0C92B769CA90022DF57 /* Model.swift in Sources */,
				4161A8DF2B332F5C00FA1C30 /* ProfileHeaderView.swift in Sources */,
				419C49082B692406005D07C2 /* LoginFactory.swift in Sources */,
			);
			runOnlyForDeploymentPostprocessing = 0;
		};
		41D904142B5A60DC00C87E1F /* Sources */ = {
			isa = PBXSourcesBuildPhase;
			buildActionMask = 2147483647;
			files = (
				41D904242B5A60F200C87E1F /* Post.swift in Sources */,
			);
			runOnlyForDeploymentPostprocessing = 0;
		};
/* End PBXSourcesBuildPhase section */

/* Begin PBXTargetDependency section */
		41D9041D2B5A60DC00C87E1F /* PBXTargetDependency */ = {
			isa = PBXTargetDependency;
			target = 41D904172B5A60DC00C87E1F /* StorageService */;
			targetProxy = 41D9041C2B5A60DC00C87E1F /* PBXContainerItemProxy */;
		};
/* End PBXTargetDependency section */

/* Begin PBXVariantGroup section */
		4128CD7A2B30AD5E001B8BFE /* LaunchScreen.storyboard */ = {
			isa = PBXVariantGroup;
			children = (
				4128CD7B2B30AD5E001B8BFE /* Base */,
			);
			name = LaunchScreen.storyboard;
			sourceTree = "<group>";
		};
/* End PBXVariantGroup section */

/* Begin XCBuildConfiguration section */
		4128CD7E2B30AD5E001B8BFE /* Debug */ = {
			isa = XCBuildConfiguration;
			buildSettings = {
				ALWAYS_SEARCH_USER_PATHS = NO;
				CLANG_ANALYZER_NONNULL = YES;
				CLANG_ANALYZER_NUMBER_OBJECT_CONVERSION = YES_AGGRESSIVE;
				CLANG_CXX_LANGUAGE_STANDARD = "gnu++20";
				CLANG_ENABLE_MODULES = YES;
				CLANG_ENABLE_OBJC_ARC = YES;
				CLANG_ENABLE_OBJC_WEAK = YES;
				CLANG_WARN_BLOCK_CAPTURE_AUTORELEASING = YES;
				CLANG_WARN_BOOL_CONVERSION = YES;
				CLANG_WARN_COMMA = YES;
				CLANG_WARN_CONSTANT_CONVERSION = YES;
				CLANG_WARN_DEPRECATED_OBJC_IMPLEMENTATIONS = YES;
				CLANG_WARN_DIRECT_OBJC_ISA_USAGE = YES_ERROR;
				CLANG_WARN_DOCUMENTATION_COMMENTS = YES;
				CLANG_WARN_EMPTY_BODY = YES;
				CLANG_WARN_ENUM_CONVERSION = YES;
				CLANG_WARN_INFINITE_RECURSION = YES;
				CLANG_WARN_INT_CONVERSION = YES;
				CLANG_WARN_NON_LITERAL_NULL_CONVERSION = YES;
				CLANG_WARN_OBJC_IMPLICIT_RETAIN_SELF = YES;
				CLANG_WARN_OBJC_LITERAL_CONVERSION = YES;
				CLANG_WARN_OBJC_ROOT_CLASS = YES_ERROR;
				CLANG_WARN_QUOTED_INCLUDE_IN_FRAMEWORK_HEADER = YES;
				CLANG_WARN_RANGE_LOOP_ANALYSIS = YES;
				CLANG_WARN_STRICT_PROTOTYPES = YES;
				CLANG_WARN_SUSPICIOUS_MOVE = YES;
				CLANG_WARN_UNGUARDED_AVAILABILITY = YES_AGGRESSIVE;
				CLANG_WARN_UNREACHABLE_CODE = YES;
				CLANG_WARN__DUPLICATE_METHOD_MATCH = YES;
				COPY_PHASE_STRIP = NO;
				DEBUG_INFORMATION_FORMAT = dwarf;
				ENABLE_STRICT_OBJC_MSGSEND = YES;
				ENABLE_TESTABILITY = YES;
				ENABLE_USER_SCRIPT_SANDBOXING = YES;
				GCC_C_LANGUAGE_STANDARD = gnu11;
				GCC_DYNAMIC_NO_PIC = NO;
				GCC_NO_COMMON_BLOCKS = YES;
				GCC_OPTIMIZATION_LEVEL = 0;
				GCC_PREPROCESSOR_DEFINITIONS = (
					"DEBUG=1",
					"$(inherited)",
				);
				GCC_WARN_64_TO_32_BIT_CONVERSION = YES;
				GCC_WARN_ABOUT_RETURN_TYPE = YES_ERROR;
				GCC_WARN_UNDECLARED_SELECTOR = YES;
				GCC_WARN_UNINITIALIZED_AUTOS = YES_AGGRESSIVE;
				GCC_WARN_UNUSED_FUNCTION = YES;
				GCC_WARN_UNUSED_VARIABLE = YES;
				IPHONEOS_DEPLOYMENT_TARGET = 16.4;
				MTL_ENABLE_DEBUG_INFO = INCLUDE_SOURCE;
				MTL_FAST_MATH = YES;
				ONLY_ACTIVE_ARCH = YES;
				SDKROOT = iphoneos;
				SWIFT_ACTIVE_COMPILATION_CONDITIONS = DEBUG;
				SWIFT_OPTIMIZATION_LEVEL = "-Onone";
			};
			name = Debug;
		};
		4128CD7F2B30AD5E001B8BFE /* Release */ = {
			isa = XCBuildConfiguration;
			buildSettings = {
				ALWAYS_SEARCH_USER_PATHS = NO;
				CLANG_ANALYZER_NONNULL = YES;
				CLANG_ANALYZER_NUMBER_OBJECT_CONVERSION = YES_AGGRESSIVE;
				CLANG_CXX_LANGUAGE_STANDARD = "gnu++20";
				CLANG_ENABLE_MODULES = YES;
				CLANG_ENABLE_OBJC_ARC = YES;
				CLANG_ENABLE_OBJC_WEAK = YES;
				CLANG_WARN_BLOCK_CAPTURE_AUTORELEASING = YES;
				CLANG_WARN_BOOL_CONVERSION = YES;
				CLANG_WARN_COMMA = YES;
				CLANG_WARN_CONSTANT_CONVERSION = YES;
				CLANG_WARN_DEPRECATED_OBJC_IMPLEMENTATIONS = YES;
				CLANG_WARN_DIRECT_OBJC_ISA_USAGE = YES_ERROR;
				CLANG_WARN_DOCUMENTATION_COMMENTS = YES;
				CLANG_WARN_EMPTY_BODY = YES;
				CLANG_WARN_ENUM_CONVERSION = YES;
				CLANG_WARN_INFINITE_RECURSION = YES;
				CLANG_WARN_INT_CONVERSION = YES;
				CLANG_WARN_NON_LITERAL_NULL_CONVERSION = YES;
				CLANG_WARN_OBJC_IMPLICIT_RETAIN_SELF = YES;
				CLANG_WARN_OBJC_LITERAL_CONVERSION = YES;
				CLANG_WARN_OBJC_ROOT_CLASS = YES_ERROR;
				CLANG_WARN_QUOTED_INCLUDE_IN_FRAMEWORK_HEADER = YES;
				CLANG_WARN_RANGE_LOOP_ANALYSIS = YES;
				CLANG_WARN_STRICT_PROTOTYPES = YES;
				CLANG_WARN_SUSPICIOUS_MOVE = YES;
				CLANG_WARN_UNGUARDED_AVAILABILITY = YES_AGGRESSIVE;
				CLANG_WARN_UNREACHABLE_CODE = YES;
				CLANG_WARN__DUPLICATE_METHOD_MATCH = YES;
				COPY_PHASE_STRIP = NO;
				DEBUG_INFORMATION_FORMAT = "dwarf-with-dsym";
				ENABLE_NS_ASSERTIONS = NO;
				ENABLE_STRICT_OBJC_MSGSEND = YES;
				ENABLE_USER_SCRIPT_SANDBOXING = YES;
				GCC_C_LANGUAGE_STANDARD = gnu11;
				GCC_NO_COMMON_BLOCKS = YES;
				GCC_WARN_64_TO_32_BIT_CONVERSION = YES;
				GCC_WARN_ABOUT_RETURN_TYPE = YES_ERROR;
				GCC_WARN_UNDECLARED_SELECTOR = YES;
				GCC_WARN_UNINITIALIZED_AUTOS = YES_AGGRESSIVE;
				GCC_WARN_UNUSED_FUNCTION = YES;
				GCC_WARN_UNUSED_VARIABLE = YES;
				IPHONEOS_DEPLOYMENT_TARGET = 16.4;
				MTL_ENABLE_DEBUG_INFO = NO;
				MTL_FAST_MATH = YES;
				SDKROOT = iphoneos;
				SWIFT_COMPILATION_MODE = wholemodule;
				SWIFT_OPTIMIZATION_LEVEL = "-O";
				VALIDATE_PRODUCT = YES;
			};
			name = Release;
		};
		4128CD812B30AD5E001B8BFE /* Debug */ = {
			isa = XCBuildConfiguration;
			buildSettings = {
				ALWAYS_EMBED_SWIFT_STANDARD_LIBRARIES = YES;
				ASSETCATALOG_COMPILER_APPICON_NAME = AppIcon;
				ASSETCATALOG_COMPILER_GLOBAL_ACCENT_COLOR_NAME = AccentColor;
				CODE_SIGN_STYLE = Automatic;
				CURRENT_PROJECT_VERSION = 1;
				GENERATE_INFOPLIST_FILE = YES;
				INFOPLIST_FILE = Navigation/Info.plist;
				INFOPLIST_KEY_UIApplicationSupportsIndirectInputEvents = YES;
				INFOPLIST_KEY_UILaunchStoryboardName = LaunchScreen;
				INFOPLIST_KEY_UISupportedInterfaceOrientations_iPad = "UIInterfaceOrientationPortrait UIInterfaceOrientationPortraitUpsideDown UIInterfaceOrientationLandscapeLeft UIInterfaceOrientationLandscapeRight";
				INFOPLIST_KEY_UISupportedInterfaceOrientations_iPhone = "UIInterfaceOrientationPortrait UIInterfaceOrientationLandscapeLeft UIInterfaceOrientationLandscapeRight";
				LD_RUNPATH_SEARCH_PATHS = (
					"$(inherited)",
					"@executable_path/Frameworks",
				);
				MARKETING_VERSION = 1.0;
				PRODUCT_BUNDLE_IDENTIFIER = home.Navigation;
				PRODUCT_NAME = "$(TARGET_NAME)";
				SWIFT_EMIT_LOC_STRINGS = YES;
				SWIFT_VERSION = 5.0;
				TARGETED_DEVICE_FAMILY = "1,2";
			};
			name = Debug;
		};
		4128CD822B30AD5E001B8BFE /* Release */ = {
			isa = XCBuildConfiguration;
			buildSettings = {
				ALWAYS_EMBED_SWIFT_STANDARD_LIBRARIES = YES;
				ASSETCATALOG_COMPILER_APPICON_NAME = AppIcon;
				ASSETCATALOG_COMPILER_GLOBAL_ACCENT_COLOR_NAME = AccentColor;
				CODE_SIGN_STYLE = Automatic;
				CURRENT_PROJECT_VERSION = 1;
				GENERATE_INFOPLIST_FILE = YES;
				INFOPLIST_FILE = Navigation/Info.plist;
				INFOPLIST_KEY_UIApplicationSupportsIndirectInputEvents = YES;
				INFOPLIST_KEY_UILaunchStoryboardName = LaunchScreen;
				INFOPLIST_KEY_UISupportedInterfaceOrientations_iPad = "UIInterfaceOrientationPortrait UIInterfaceOrientationPortraitUpsideDown UIInterfaceOrientationLandscapeLeft UIInterfaceOrientationLandscapeRight";
				INFOPLIST_KEY_UISupportedInterfaceOrientations_iPhone = "UIInterfaceOrientationPortrait UIInterfaceOrientationLandscapeLeft UIInterfaceOrientationLandscapeRight";
				LD_RUNPATH_SEARCH_PATHS = (
					"$(inherited)",
					"@executable_path/Frameworks",
				);
				MARKETING_VERSION = 1.0;
				PRODUCT_BUNDLE_IDENTIFIER = home.Navigation;
				PRODUCT_NAME = "$(TARGET_NAME)";
				SWIFT_EMIT_LOC_STRINGS = YES;
				SWIFT_VERSION = 5.0;
				TARGETED_DEVICE_FAMILY = "1,2";
			};
			name = Release;
		};
		41D904212B5A60DC00C87E1F /* Debug */ = {
			isa = XCBuildConfiguration;
			buildSettings = {
				CODE_SIGN_IDENTITY = "";
				CODE_SIGN_STYLE = Automatic;
				CURRENT_PROJECT_VERSION = 1;
				DEFINES_MODULE = YES;
				DYLIB_COMPATIBILITY_VERSION = 1;
				DYLIB_CURRENT_VERSION = 1;
				DYLIB_INSTALL_NAME_BASE = "@rpath";
				ENABLE_MODULE_VERIFIER = YES;
				GENERATE_INFOPLIST_FILE = YES;
				INFOPLIST_KEY_NSHumanReadableCopyright = "";
				INSTALL_PATH = "$(LOCAL_LIBRARY_DIR)/Frameworks";
				IPHONEOS_DEPLOYMENT_TARGET = 16.4;
				LD_RUNPATH_SEARCH_PATHS = (
					"$(inherited)",
					"@executable_path/Frameworks",
					"@loader_path/Frameworks",
				);
				MARKETING_VERSION = 1.0;
				MODULE_VERIFIER_SUPPORTED_LANGUAGES = "objective-c objective-c++";
				MODULE_VERIFIER_SUPPORTED_LANGUAGE_STANDARDS = "gnu11 gnu++20";
				PRODUCT_BUNDLE_IDENTIFIER = home.StorageService;
				PRODUCT_NAME = "$(TARGET_NAME:c99extidentifier)";
				SKIP_INSTALL = YES;
				SWIFT_EMIT_LOC_STRINGS = YES;
				SWIFT_VERSION = 5.0;
				TARGETED_DEVICE_FAMILY = "1,2";
				VERSIONING_SYSTEM = "apple-generic";
				VERSION_INFO_PREFIX = "";
			};
			name = Debug;
		};
		41D904222B5A60DC00C87E1F /* Release */ = {
			isa = XCBuildConfiguration;
			buildSettings = {
				CODE_SIGN_IDENTITY = "";
				CODE_SIGN_STYLE = Automatic;
				CURRENT_PROJECT_VERSION = 1;
				DEFINES_MODULE = YES;
				DYLIB_COMPATIBILITY_VERSION = 1;
				DYLIB_CURRENT_VERSION = 1;
				DYLIB_INSTALL_NAME_BASE = "@rpath";
				ENABLE_MODULE_VERIFIER = YES;
				GENERATE_INFOPLIST_FILE = YES;
				INFOPLIST_KEY_NSHumanReadableCopyright = "";
				INSTALL_PATH = "$(LOCAL_LIBRARY_DIR)/Frameworks";
				IPHONEOS_DEPLOYMENT_TARGET = 16.4;
				LD_RUNPATH_SEARCH_PATHS = (
					"$(inherited)",
					"@executable_path/Frameworks",
					"@loader_path/Frameworks",
				);
				MARKETING_VERSION = 1.0;
				MODULE_VERIFIER_SUPPORTED_LANGUAGES = "objective-c objective-c++";
				MODULE_VERIFIER_SUPPORTED_LANGUAGE_STANDARDS = "gnu11 gnu++20";
				PRODUCT_BUNDLE_IDENTIFIER = home.StorageService;
				PRODUCT_NAME = "$(TARGET_NAME:c99extidentifier)";
				SKIP_INSTALL = YES;
				SWIFT_EMIT_LOC_STRINGS = YES;
				SWIFT_VERSION = 5.0;
				TARGETED_DEVICE_FAMILY = "1,2";
				VERSIONING_SYSTEM = "apple-generic";
				VERSION_INFO_PREFIX = "";
			};
			name = Release;
		};
/* End XCBuildConfiguration section */

/* Begin XCConfigurationList section */
		4128CD672B30AD5D001B8BFE /* Build configuration list for PBXProject "Navigation" */ = {
			isa = XCConfigurationList;
			buildConfigurations = (
				4128CD7E2B30AD5E001B8BFE /* Debug */,
				4128CD7F2B30AD5E001B8BFE /* Release */,
			);
			defaultConfigurationIsVisible = 0;
			defaultConfigurationName = Release;
		};
		4128CD802B30AD5E001B8BFE /* Build configuration list for PBXNativeTarget "Navigation" */ = {
			isa = XCConfigurationList;
			buildConfigurations = (
				4128CD812B30AD5E001B8BFE /* Debug */,
				4128CD822B30AD5E001B8BFE /* Release */,
			);
			defaultConfigurationIsVisible = 0;
			defaultConfigurationName = Release;
		};
		41D904202B5A60DC00C87E1F /* Build configuration list for PBXNativeTarget "StorageService" */ = {
			isa = XCConfigurationList;
			buildConfigurations = (
				41D904212B5A60DC00C87E1F /* Debug */,
				41D904222B5A60DC00C87E1F /* Release */,
			);
			defaultConfigurationIsVisible = 0;
			defaultConfigurationName = Release;
		};
/* End XCConfigurationList section */

/* Begin XCRemoteSwiftPackageReference section */
		4137725B2B6A759700C12D64 /* XCRemoteSwiftPackageReference "iOSIntPackage" */ = {
			isa = XCRemoteSwiftPackageReference;
			repositoryURL = "https://github.com/TrueMax/iOSIntPackage";
			requirement = {
				branch = imagepublisher;
				kind = branch;
			};
		};
/* End XCRemoteSwiftPackageReference section */

/* Begin XCSwiftPackageProductDependency section */
		4137725C2B6A759700C12D64 /* iOSIntPackage */ = {
			isa = XCSwiftPackageProductDependency;
			package = 4137725B2B6A759700C12D64 /* XCRemoteSwiftPackageReference "iOSIntPackage" */;
			productName = iOSIntPackage;
		};
/* End XCSwiftPackageProductDependency section */
	};
	rootObject = 4128CD642B30AD5D001B8BFE /* Project object */;
}
